
Microsoft Visual Studio Solution File, Format Version 12.00
# Visual Studio 14
VisualStudioVersion = 14.0.24720.0
MinimumVisualStudioVersion = 10.0.40219.1
Project("{8BC9CEB8-8B4A-11D0-8D11-00A0C91BC942}") = "MASM-Windows", "MASM-Windows\MASM-Windows.vcxproj", "{DD6A3B04-2FBD-42C1-AB67-5056BE4ED78B}"
EndProject
Global
	GlobalSection(SolutionConfigurationPlatforms) = preSolution
		Debug|x64 = Debug|x64
		Debug|x86 = Debug|x86
		Release|x64 = Release|x64
		Release|x86 = Release|x86
	EndGlobalSection
	GlobalSection(ProjectConfigurationPlatforms) = postSolution
		{DD6A3B04-2FBD-42C1-AB67-5056BE4ED78B}.Debug|x64.ActiveCfg = Debug|x64
		{DD6A3B04-2FBD-42C1-AB67-5056BE4ED78B}.Debug|x64.Build.0 = Debug|x64
		{DD6A3B04-2FBD-42C1-AB67-5056BE4ED78B}.Debug|x86.ActiveCfg = Debug|Win32
		{DD6A3B04-2FBD-42C1-AB67-5056BE4ED78B}.Debug|x86.Build.0 = Debug|Win32
		{DD6A3B04-2FBD-42C1-AB67-5056BE4ED78B}.Release|x64.ActiveCfg = Release|x64
		{DD6A3B04-2FBD-42C1-AB67-5056BE4ED78B}.Release|x64.Build.0 = Release|x64
		{DD6A3B04-2FBD-42C1-AB67-5056BE4ED78B}.Release|x86.ActiveCfg = Release|Win32
		{DD6A3B04-2FBD-42C1-AB67-5056BE4ED78B}.Release|x86.Build.0 = Release|Win32
	EndGlobalSection
	GlobalSection(SolutionProperties) = preSolution
		HideSolutionNode = FALSE
	EndGlobalSection
EndGlobal
